
Microsoft Visual Studio Solution File, Format Version 12.00
# Visual Studio Version 16
VisualStudioVersion = 16.0.33328.57
MinimumVisualStudioVersion = 10.0.40219.1
Project("{FAE04EC0-301F-11D3-BF4B-00C04F79EFBC}") = "Yeol", "Yeol\Yeol.csproj", "{5442CF88-38F9-4A2D-8946-76638D9C2341}"
EndProject
Global
	GlobalSection(SolutionConfigurationPlatforms) = preSolution
		Debug|Any CPU = Debug|Any CPU
		Release|Any CPU = Release|Any CPU
	EndGlobalSection
	GlobalSection(ProjectConfigurationPlatforms) = postSolution
		{5442CF88-38F9-4A2D-8946-76638D9C2341}.Debug|Any CPU.ActiveCfg = Debug|Any CPU
		{5442CF88-38F9-4A2D-8946-76638D9C2341}.Debug|Any CPU.Build.0 = Debug|Any CPU
		{5442CF88-38F9-4A2D-8946-76638D9C2341}.Release|Any CPU.ActiveCfg = Release|Any CPU
		{5442CF88-38F9-4A2D-8946-76638D9C2341}.Release|Any CPU.Build.0 = Release|Any CPU
	EndGlobalSection
	GlobalSection(SolutionProperties) = preSolution
		HideSolutionNode = FALSE
	EndGlobalSection
	GlobalSection(ExtensibilityGlobals) = postSolution
		SolutionGuid = {AD769D02-C447-41EA-8334-F8E470B48F6E}
	EndGlobalSection
EndGlobal
